
Microsoft Visual Studio Solution File, Format Version 12.00
# Visual Studio Version 17
VisualStudioVersion = 17.4.33213.308
MinimumVisualStudioVersion = 10.0.40219.1
Project("{FAE04EC0-301F-11D3-BF4B-00C04F79EFBC}") = "Developer-Assignment", "Developer-Assignment\Developer-Assignment.csproj", "{57CB5551-9911-457B-A26C-0823D9B90E4E}"
EndProject
Global
	GlobalSection(SolutionConfigurationPlatforms) = preSolution
		Debug|Any CPU = Debug|Any CPU
		Release|Any CPU = Release|Any CPU
	EndGlobalSection
	GlobalSection(ProjectConfigurationPlatforms) = postSolution
		{57CB5551-9911-457B-A26C-0823D9B90E4E}.Debug|Any CPU.ActiveCfg = Debug|Any CPU
		{57CB5551-9911-457B-A26C-0823D9B90E4E}.Debug|Any CPU.Build.0 = Debug|Any CPU
		{57CB5551-9911-457B-A26C-0823D9B90E4E}.Release|Any CPU.ActiveCfg = Release|Any CPU
		{57CB5551-9911-457B-A26C-0823D9B90E4E}.Release|Any CPU.Build.0 = Release|Any CPU
	EndGlobalSection
	GlobalSection(SolutionProperties) = preSolution
		HideSolutionNode = FALSE
	EndGlobalSection
	GlobalSection(ExtensibilityGlobals) = postSolution
		SolutionGuid = {1C83A0EE-3305-4CC7-8287-883EB6F00C49}
	EndGlobalSection
EndGlobal
